
Microsoft Visual Studio Solution File, Format Version 12.00
# Visual Studio 15
VisualStudioVersion = 15.0.27428.2037
MinimumVisualStudioVersion = 10.0.40219.1
Project("{FAE04EC0-301F-11D3-BF4B-00C04F79EFBC}") = "xmpp-forms", "xmpp-forms\xmpp-forms.csproj", "{A7194110-E2F9-4BEC-AD5F-0748E6DC6ADF}"
EndProject
Global
	GlobalSection(SolutionConfigurationPlatforms) = preSolution
		Debug|Any CPU = Debug|Any CPU
		Release|Any CPU = Release|Any CPU
	EndGlobalSection
	GlobalSection(ProjectConfigurationPlatforms) = postSolution
		{A7194110-E2F9-4BEC-AD5F-0748E6DC6ADF}.Debug|Any CPU.ActiveCfg = Debug|Any CPU
		{A7194110-E2F9-4BEC-AD5F-0748E6DC6ADF}.Debug|Any CPU.Build.0 = Debug|Any CPU
		{A7194110-E2F9-4BEC-AD5F-0748E6DC6ADF}.Release|Any CPU.ActiveCfg = Release|Any CPU
		{A7194110-E2F9-4BEC-AD5F-0748E6DC6ADF}.Release|Any CPU.Build.0 = Release|Any CPU
	EndGlobalSection
	GlobalSection(SolutionProperties) = preSolution
		HideSolutionNode = FALSE
	EndGlobalSection
	GlobalSection(ExtensibilityGlobals) = postSolution
		SolutionGuid = {26ADEF0E-B1F6-4CCA-9312-CF5FA4B9E776}
	EndGlobalSection
EndGlobal
